
Microsoft Visual Studio Solution File, Format Version 12.00
# Visual Studio Version 17
VisualStudioVersion = 17.5.33530.505
MinimumVisualStudioVersion = 10.0.40219.1
Project("{FAE04EC0-301F-11D3-BF4B-00C04F79EFBC}") = "chat_client_1.1", "chat_client_1.1\chat_client_1.1.csproj", "{577F68AE-2DB4-484A-A816-C3D956AE11D2}"
EndProject
Global
	GlobalSection(SolutionConfigurationPlatforms) = preSolution
		Debug|Any CPU = Debug|Any CPU
		Release|Any CPU = Release|Any CPU
	EndGlobalSection
	GlobalSection(ProjectConfigurationPlatforms) = postSolution
		{577F68AE-2DB4-484A-A816-C3D956AE11D2}.Debug|Any CPU.ActiveCfg = Debug|Any CPU
		{577F68AE-2DB4-484A-A816-C3D956AE11D2}.Debug|Any CPU.Build.0 = Debug|Any CPU
		{577F68AE-2DB4-484A-A816-C3D956AE11D2}.Release|Any CPU.ActiveCfg = Release|Any CPU
		{577F68AE-2DB4-484A-A816-C3D956AE11D2}.Release|Any CPU.Build.0 = Release|Any CPU
	EndGlobalSection
	GlobalSection(SolutionProperties) = preSolution
		HideSolutionNode = FALSE
	EndGlobalSection
	GlobalSection(ExtensibilityGlobals) = postSolution
		SolutionGuid = {EB0FEEDE-015C-4637-82B6-762469B8DB77}
	EndGlobalSection
EndGlobal
